// !$*UTF8*$!
{
	archiveVersion = 1;
	classes = {
	};
	objectVersion = 46;
	objects = {

/* Begin PBXBuildFile section */
		1E870F2E1EFB18090099FA5E /* AppDelegate.swift in Sources */ = {isa = PBXBuildFile; fileRef = 1E870F2D1EFB18090099FA5E /* AppDelegate.swift */; };
		1E870F331EFB18090099FA5E /* Main.storyboard in Resources */ = {isa = PBXBuildFile; fileRef = 1E870F311EFB18090099FA5E /* Main.storyboard */; };
		1E870F351EFB18090099FA5E /* Assets.xcassets in Resources */ = {isa = PBXBuildFile; fileRef = 1E870F341EFB18090099FA5E /* Assets.xcassets */; };
		1E870F381EFB18090099FA5E /* LaunchScreen.storyboard in Resources */ = {isa = PBXBuildFile; fileRef = 1E870F361EFB18090099FA5E /* LaunchScreen.storyboard */; };
		1E870F431EFB18090099FA5E /* FlixTests.swift in Sources */ = {isa = PBXBuildFile; fileRef = 1E870F421EFB18090099FA5E /* FlixTests.swift */; };
		1E870F4E1EFB18090099FA5E /* FlixUITests.swift in Sources */ = {isa = PBXBuildFile; fileRef = 1E870F4D1EFB18090099FA5E /* FlixUITests.swift */; };
		1E870F5C1EFB22680099FA5E /* NowPlayingViewController.swift in Sources */ = {isa = PBXBuildFile; fileRef = 1E870F5B1EFB22680099FA5E /* NowPlayingViewController.swift */; };
/* End PBXBuildFile section */

/* Begin PBXContainerItemProxy section */
		1E870F3F1EFB18090099FA5E /* PBXContainerItemProxy */ = {
			isa = PBXContainerItemProxy;
			containerPortal = 1E870F221EFB18090099FA5E /* Project object */;
			proxyType = 1;
			remoteGlobalIDString = 1E870F291EFB18090099FA5E;
			remoteInfo = Flix;
		};
		1E870F4A1EFB18090099FA5E /* PBXContainerItemProxy */ = {
			isa = PBXContainerItemProxy;
			containerPortal = 1E870F221EFB18090099FA5E /* Project object */;
			proxyType = 1;
			remoteGlobalIDString = 1E870F291EFB18090099FA5E;
			remoteInfo = Flix;
		};
/* End PBXContainerItemProxy section */

/* Begin PBXFileReference section */
		1E870F2A1EFB18090099FA5E /* Flix.app */ = {isa = PBXFileReference; explicitFileType = wrapper.application; includeInIndex = 0; path = Flix.app; sourceTree = BUILT_PRODUCTS_DIR; };
		1E870F2D1EFB18090099FA5E /* AppDelegate.swift */ = {isa = PBXFileReference; lastKnownFileType = sourcecode.swift; path = AppDelegate.swift; sourceTree = "<group>"; };
		1E870F321EFB18090099FA5E /* Base */ = {isa = PBXFileReference; lastKnownFileType = file.storyboard; name = Base; path = Base.lproj/Main.storyboard; sourceTree = "<group>"; };
		1E870F341EFB18090099FA5E /* Assets.xcassets */ = {isa = PBXFileReference; lastKnownFileType = folder.assetcatalog; path = Assets.xcassets; sourceTree = "<group>"; };
		1E870F371EFB18090099FA5E /* Base */ = {isa = PBXFileReference; lastKnownFileType = file.storyboard; name = Base; path = Base.lproj/LaunchScreen.storyboard; sourceTree = "<group>"; };
		1E870F391EFB18090099FA5E /* Info.plist */ = {isa = PBXFileReference; lastKnownFileType = text.plist.xml; path = Info.plist; sourceTree = "<group>"; };
		1E870F3E1EFB18090099FA5E /* FlixTests.xctest */ = {isa = PBXFileReference; explicitFileType = wrapper.cfbundle; includeInIndex = 0; path = FlixTests.xctest; sourceTree = BUILT_PRODUCTS_DIR; };
		1E870F421EFB18090099FA5E /* FlixTests.swift */ = {isa = PBXFileReference; lastKnownFileType = sourcecode.swift; path = FlixTests.swift; sourceTree = "<group>"; };
		1E870F441EFB18090099FA5E /* Info.plist */ = {isa = PBXFileReference; lastKnownFileType = text.plist.xml; path = Info.plist; sourceTree = "<group>"; };
		1E870F491EFB18090099FA5E /* FlixUITests.xctest */ = {isa = PBXFileReference; explicitFileType = wrapper.cfbundle; includeInIndex = 0; path = FlixUITests.xctest; sourceTree = BUILT_PRODUCTS_DIR; };
		1E870F4D1EFB18090099FA5E /* FlixUITests.swift */ = {isa = PBXFileReference; lastKnownFileType = sourcecode.swift; path = FlixUITests.swift; sourceTree = "<group>"; };
		1E870F4F1EFB18090099FA5E /* Info.plist */ = {isa = PBXFileReference; lastKnownFileType = text.plist.xml; path = Info.plist; sourceTree = "<group>"; };
		1E870F5B1EFB22680099FA5E /* NowPlayingViewController.swift */ = {isa = PBXFileReference; fileEncoding = 4; lastKnownFileType = sourcecode.swift; path = NowPlayingViewController.swift; sourceTree = "<group>"; };
/* End PBXFileReference section */

/* Begin PBXFrameworksBuildPhase section */
		1E870F271EFB18090099FA5E /* Frameworks */ = {
			isa = PBXFrameworksBuildPhase;
			buildActionMask = 2147483647;
			files = (
			);
			runOnlyForDeploymentPostprocessing = 0;
		};
		1E870F3B1EFB18090099FA5E /* Frameworks */ = {
			isa = PBXFrameworksBuildPhase;
			buildActionMask = 2147483647;
			files = (
			);
			runOnlyForDeploymentPostprocessing = 0;
		};
		1E870F461EFB18090099FA5E /* Frameworks */ = {
			isa = PBXFrameworksBuildPhase;
			buildActionMask = 2147483647;
			files = (
			);
			runOnlyForDeploymentPostprocessing = 0;
		};
/* End PBXFrameworksBuildPhase section */

/* Begin PBXGroup section */
		1E870F211EFB18090099FA5E = {
			isa = PBXGroup;
			children = (
				1E870F2C1EFB18090099FA5E /* Flix */,
				1E870F411EFB18090099FA5E /* FlixTests */,
				1E870F4C1EFB18090099FA5E /* FlixUITests */,
				1E870F2B1EFB18090099FA5E /* Products */,
			);
			sourceTree = "<group>";
		};
		1E870F2B1EFB18090099FA5E /* Products */ = {
			isa = PBXGroup;
			children = (
				1E870F2A1EFB18090099FA5E /* Flix.app */,
				1E870F3E1EFB18090099FA5E /* FlixTests.xctest */,
				1E870F491EFB18090099FA5E /* FlixUITests.xctest */,
			);
			name = Products;
			sourceTree = "<group>";
		};
		1E870F2C1EFB18090099FA5E /* Flix */ = {
			isa = PBXGroup;
			children = (
				1E870F5B1EFB22680099FA5E /* NowPlayingViewController.swift */,
				1E870F2D1EFB18090099FA5E /* AppDelegate.swift */,
				1E870F311EFB18090099FA5E /* Main.storyboard */,
				1E870F341EFB18090099FA5E /* Assets.xcassets */,
				1E870F361EFB18090099FA5E /* LaunchScreen.storyboard */,
				1E870F391EFB18090099FA5E /* Info.plist */,
			);
			path = Flix;
			sourceTree = "<group>";
		};
		1E870F411EFB18090099FA5E /* FlixTests */ = {
			isa = PBXGroup;
			children = (
				1E870F421EFB18090099FA5E /* FlixTests.swift */,
				1E870F441EFB18090099FA5E /* Info.plist */,
			);
			path = FlixTests;
			sourceTree = "<group>";
		};
		1E870F4C1EFB18090099FA5E /* FlixUITests */ = {
			isa = PBXGroup;
			children = (
				1E870F4D1EFB18090099FA5E /* FlixUITests.swift */,
				1E870F4F1EFB18090099FA5E /* Info.plist */,
			);
			path = FlixUITests;
			sourceTree = "<group>";
		};
/* End PBXGroup section */

/* Begin PBXNativeTarget section */
		1E870F291EFB18090099FA5E /* Flix */ = {
			isa = PBXNativeTarget;
			buildConfigurationList = 1E870F521EFB18090099FA5E /* Build configuration list for PBXNativeTarget "Flix" */;
			buildPhases = (
				1E870F261EFB18090099FA5E /* Sources */,
				1E870F271EFB18090099FA5E /* Frameworks */,
				1E870F281EFB18090099FA5E /* Resources */,
			);
			buildRules = (
			);
			dependencies = (
			);
			name = Flix;
			productName = Flix;
			productReference = 1E870F2A1EFB18090099FA5E /* Flix.app */;
			productType = "com.apple.product-type.application";
		};
		1E870F3D1EFB18090099FA5E /* FlixTests */ = {
			isa = PBXNativeTarget;
			buildConfigurationList = 1E870F551EFB18090099FA5E /* Build configuration list for PBXNativeTarget "FlixTests" */;
			buildPhases = (
				1E870F3A1EFB18090099FA5E /* Sources */,
				1E870F3B1EFB18090099FA5E /* Frameworks */,
				1E870F3C1EFB18090099FA5E /* Resources */,
			);
			buildRules = (
			);
			dependencies = (
				1E870F401EFB18090099FA5E /* PBXTargetDependency */,
			);
			name = FlixTests;
			productName = FlixTests;
			productReference = 1E870F3E1EFB18090099FA5E /* FlixTests.xctest */;
			productType = "com.apple.product-type.bundle.unit-test";
		};
		1E870F481EFB18090099FA5E /* FlixUITests */ = {
			isa = PBXNativeTarget;
			buildConfigurationList = 1E870F581EFB18090099FA5E /* Build configuration list for PBXNativeTarget "FlixUITests" */;
			buildPhases = (
				1E870F451EFB18090099FA5E /* Sources */,
				1E870F461EFB18090099FA5E /* Frameworks */,
				1E870F471EFB18090099FA5E /* Resources */,
			);
			buildRules = (
			);
			dependencies = (
				1E870F4B1EFB18090099FA5E /* PBXTargetDependency */,
			);
			name = FlixUITests;
			productName = FlixUITests;
			productReference = 1E870F491EFB18090099FA5E /* FlixUITests.xctest */;
			productType = "com.apple.product-type.bundle.ui-testing";
		};
/* End PBXNativeTarget section */

/* Begin PBXProject section */
		1E870F221EFB18090099FA5E /* Project object */ = {
			isa = PBXProject;
			attributes = {
				LastSwiftUpdateCheck = 0830;
				LastUpgradeCheck = 0830;
				ORGANIZATIONNAME = "Cameryn Boyd";
				TargetAttributes = {
					1E870F291EFB18090099FA5E = {
						CreatedOnToolsVersion = 8.3.2;
						ProvisioningStyle = Automatic;
					};
					1E870F3D1EFB18090099FA5E = {
						CreatedOnToolsVersion = 8.3.2;
						ProvisioningStyle = Automatic;
						TestTargetID = 1E870F291EFB18090099FA5E;
					};
					1E870F481EFB18090099FA5E = {
						CreatedOnToolsVersion = 8.3.2;
						ProvisioningStyle = Automatic;
						TestTargetID = 1E870F291EFB18090099FA5E;
					};
				};
			};
			buildConfigurationList = 1E870F251EFB18090099FA5E /* Build configuration list for PBXProject "Flix" */;
			compatibilityVersion = "Xcode 3.2";
			developmentRegion = English;
			hasScannedForEncodings = 0;
			knownRegions = (
				en,
				Base,
			);
			mainGroup = 1E870F211EFB18090099FA5E;
			productRefGroup = 1E870F2B1EFB18090099FA5E /* Products */;
			projectDirPath = "";
			projectRoot = "";
			targets = (
				1E870F291EFB18090099FA5E /* Flix */,
				1E870F3D1EFB18090099FA5E /* FlixTests */,
				1E870F481EFB18090099FA5E /* FlixUITests */,
			);
		};
/* End PBXProject section */

/* Begin PBXResourcesBuildPhase section */
		1E870F281EFB18090099FA5E /* Resources */ = {
			isa = PBXResourcesBuildPhase;
			buildActionMask = 2147483647;
			files = (
				1E870F381EFB18090099FA5E /* LaunchScreen.storyboard in Resources */,
				1E870F351EFB18090099FA5E /* Assets.xcassets in Resources */,
				1E870F331EFB18090099FA5E /* Main.storyboard in Resources */,
			);
			runOnlyForDeploymentPostprocessing = 0;
		};
		1E870F3C1EFB18090099FA5E /* Resources */ = {
			isa = PBXResourcesBuildPhase;
			buildActionMask = 2147483647;
			files = (
			);
			runOnlyForDeploymentPostprocessing = 0;
		};
		1E870F471EFB18090099FA5E /* Resources */ = {
			isa = PBXResourcesBuildPhase;
			buildActionMask = 2147483647;
			files = (
			);
			runOnlyForDeploymentPostprocessing = 0;
		};
/* End PBXResourcesBuildPhase section */

/* Begin PBXSourcesBuildPhase section */
		1E870F261EFB18090099FA5E /* Sources */ = {
			isa = PBXSourcesBuildPhase;
			buildActionMask = 2147483647;
			files = (
				1E870F5C1EFB22680099FA5E /* NowPlayingViewController.swift in Sources */,
				1E870F2E1EFB18090099FA5E /* AppDelegate.swift in Sources */,
			);
			runOnlyForDeploymentPostprocessing = 0;
		};
		1E870F3A1EFB18090099FA5E /* Sources */ = {
			isa = PBXSourcesBuildPhase;
			buildActionMask = 2147483647;
			files = (
				1E870F431EFB18090099FA5E /* FlixTests.swift in Sources */,
			);
			runOnlyForDeploymentPostprocessing = 0;
		};
		1E870F451EFB18090099FA5E /* Sources */ = {
			isa = PBXSourcesBuildPhase;
			buildActionMask = 2147483647;
			files = (
				1E870F4E1EFB18090099FA5E /* FlixUITests.swift in Sources */,
			);
			runOnlyForDeploymentPostprocessing = 0;
		};
/* End PBXSourcesBuildPhase section */

/* Begin PBXTargetDependency section */
		1E870F401EFB18090099FA5E /* PBXTargetDependency */ = {
			isa = PBXTargetDependency;
			target = 1E870F291EFB18090099FA5E /* Flix */;
			targetProxy = 1E870F3F1EFB18090099FA5E /* PBXContainerItemProxy */;
		};
		1E870F4B1EFB18090099FA5E /* PBXTargetDependency */ = {
			isa = PBXTargetDependency;
			target = 1E870F291EFB18090099FA5E /* Flix */;
			targetProxy = 1E870F4A1EFB18090099FA5E /* PBXContainerItemProxy */;
		};
/* End PBXTargetDependency section */

/* Begin PBXVariantGroup section */
		1E870F311EFB18090099FA5E /* Main.storyboard */ = {
			isa = PBXVariantGroup;
			children = (
				1E870F321EFB18090099FA5E /* Base */,
			);
			name = Main.storyboard;
			sourceTree = "<group>";
		};
		1E870F361EFB18090099FA5E /* LaunchScreen.storyboard */ = {
			isa = PBXVariantGroup;
			children = (
				1E870F371EFB18090099FA5E /* Base */,
			);
			name = LaunchScreen.storyboard;
			sourceTree = "<group>";
		};
/* End PBXVariantGroup section */

/* Begin XCBuildConfiguration section */
		1E870F501EFB18090099FA5E /* Debug */ = {
			isa = XCBuildConfiguration;
			buildSettings = {
				ALWAYS_SEARCH_USER_PATHS = NO;
				CLANG_ANALYZER_NONNULL = YES;
				CLANG_ANALYZER_NUMBER_OBJECT_CONVERSION = YES_AGGRESSIVE;
				CLANG_CXX_LANGUAGE_STANDARD = "gnu++0x";
				CLANG_CXX_LIBRARY = "libc++";
				CLANG_ENABLE_MODULES = YES;
				CLANG_ENABLE_OBJC_ARC = YES;
				CLANG_WARN_BOOL_CONVERSION = YES;
				CLANG_WARN_CONSTANT_CONVERSION = YES;
				CLANG_WARN_DIRECT_OBJC_ISA_USAGE = YES_ERROR;
				CLANG_WARN_DOCUMENTATION_COMMENTS = YES;
				CLANG_WARN_EMPTY_BODY = YES;
				CLANG_WARN_ENUM_CONVERSION = YES;
				CLANG_WARN_INFINITE_RECURSION = YES;
				CLANG_WARN_INT_CONVERSION = YES;
				CLANG_WARN_OBJC_ROOT_CLASS = YES_ERROR;
				CLANG_WARN_SUSPICIOUS_MOVE = YES;
				CLANG_WARN_UNREACHABLE_CODE = YES;
				CLANG_WARN__DUPLICATE_METHOD_MATCH = YES;
				"CODE_SIGN_IDENTITY[sdk=iphoneos*]" = "iPhone Developer";
				COPY_PHASE_STRIP = NO;
				DEBUG_INFORMATION_FORMAT = dwarf;
				ENABLE_STRICT_OBJC_MSGSEND = YES;
				ENABLE_TESTABILITY = YES;
				GCC_C_LANGUAGE_STANDARD = gnu99;
				GCC_DYNAMIC_NO_PIC = NO;
				GCC_NO_COMMON_BLOCKS = YES;
				GCC_OPTIMIZATION_LEVEL = 0;
				GCC_PREPROCESSOR_DEFINITIONS = (
					"DEBUG=1",
					"$(inherited)",
				);
				GCC_WARN_64_TO_32_BIT_CONVERSION = YES;
				GCC_WARN_ABOUT_RETURN_TYPE = YES_ERROR;
				GCC_WARN_UNDECLARED_SELECTOR = YES;
				GCC_WARN_UNINITIALIZED_AUTOS = YES_AGGRESSIVE;
				GCC_WARN_UNUSED_FUNCTION = YES;
				GCC_WARN_UNUSED_VARIABLE = YES;
				IPHONEOS_DEPLOYMENT_TARGET = 10.3;
				MTL_ENABLE_DEBUG_INFO = YES;
				ONLY_ACTIVE_ARCH = YES;
				SDKROOT = iphoneos;
				SWIFT_ACTIVE_COMPILATION_CONDITIONS = DEBUG;
				SWIFT_OPTIMIZATION_LEVEL = "-Onone";
			};
			name = Debug;
		};
		1E870F511EFB18090099FA5E /* Release */ = {
			isa = XCBuildConfiguration;
			buildSettings = {
				ALWAYS_SEARCH_USER_PATHS = NO;
				CLANG_ANALYZER_NONNULL = YES;
				CLANG_ANALYZER_NUMBER_OBJECT_CONVERSION = YES_AGGRESSIVE;
				CLANG_CXX_LANGUAGE_STANDARD = "gnu++0x";
				CLANG_CXX_LIBRARY = "libc++";
				CLANG_ENABLE_MODULES = YES;
				CLANG_ENABLE_OBJC_ARC = YES;
				CLANG_WARN_BOOL_CONVERSION = YES;
				CLANG_WARN_CONSTANT_CONVERSION = YES;
				CLANG_WARN_DIRECT_OBJC_ISA_USAGE = YES_ERROR;
				CLANG_WARN_DOCUMENTATION_COMMENTS = YES;
				CLANG_WARN_EMPTY_BODY = YES;
				CLANG_WARN_ENUM_CONVERSION = YES;
				CLANG_WARN_INFINITE_RECURSION = YES;
				CLANG_WARN_INT_CONVERSION = YES;
				CLANG_WARN_OBJC_ROOT_CLASS = YES_ERROR;
				CLANG_WARN_SUSPICIOUS_MOVE = YES;
				CLANG_WARN_UNREACHABLE_CODE = YES;
				CLANG_WARN__DUPLICATE_METHOD_MATCH = YES;
				"CODE_SIGN_IDENTITY[sdk=iphoneos*]" = "iPhone Developer";
				COPY_PHASE_STRIP = NO;
				DEBUG_INFORMATION_FORMAT = "dwarf-with-dsym";
				ENABLE_NS_ASSERTIONS = NO;
				ENABLE_STRICT_OBJC_MSGSEND = YES;
				GCC_C_LANGUAGE_STANDARD = gnu99;
				GCC_NO_COMMON_BLOCKS = YES;
				GCC_WARN_64_TO_32_BIT_CONVERSION = YES;
				GCC_WARN_ABOUT_RETURN_TYPE = YES_ERROR;
				GCC_WARN_UNDECLARED_SELECTOR = YES;
				GCC_WARN_UNINITIALIZED_AUTOS = YES_AGGRESSIVE;
				GCC_WARN_UNUSED_FUNCTION = YES;
				GCC_WARN_UNUSED_VARIABLE = YES;
				IPHONEOS_DEPLOYMENT_TARGET = 10.3;
				MTL_ENABLE_DEBUG_INFO = NO;
				SDKROOT = iphoneos;
				SWIFT_OPTIMIZATION_LEVEL = "-Owholemodule";
				VALIDATE_PRODUCT = YES;
			};
			name = Release;
		};
		1E870F531EFB18090099FA5E /* Debug */ = {
			isa = XCBuildConfiguration;
			buildSettings = {
				ASSETCATALOG_COMPILER_APPICON_NAME = AppIcon;
				INFOPLIST_FILE = Flix/Info.plist;
				LD_RUNPATH_SEARCH_PATHS = "$(inherited) @executable_path/Frameworks";
				PRODUCT_BUNDLE_IDENTIFIER = fb.Flix;
				PRODUCT_NAME = "$(TARGET_NAME)";
				SWIFT_VERSION = 3.0;
			};
			name = Debug;
		};
		1E870F541EFB18090099FA5E /* Release */ = {
			isa = XCBuildConfiguration;
			buildSettings = {
				ASSETCATALOG_COMPILER_APPICON_NAME = AppIcon;
				INFOPLIST_FILE = Flix/Info.plist;
				LD_RUNPATH_SEARCH_PATHS = "$(inherited) @executable_path/Frameworks";
				PRODUCT_BUNDLE_IDENTIFIER = fb.Flix;
				PRODUCT_NAME = "$(TARGET_NAME)";
				SWIFT_VERSION = 3.0;
			};
			name = Release;
		};
		1E870F561EFB18090099FA5E /* Debug */ = {
			isa = XCBuildConfiguration;
			buildSettings = {
				ALWAYS_EMBED_SWIFT_STANDARD_LIBRARIES = YES;
				BUNDLE_LOADER = "$(TEST_HOST)";
				INFOPLIST_FILE = FlixTests/Info.plist;
				LD_RUNPATH_SEARCH_PATHS = "$(inherited) @executable_path/Frameworks @loader_path/Frameworks";
				PRODUCT_BUNDLE_IDENTIFIER = fb.FlixTests;
				PRODUCT_NAME = "$(TARGET_NAME)";
				SWIFT_VERSION = 3.0;
				TEST_HOST = "$(BUILT_PRODUCTS_DIR)/Flix.app/Flix";
			};
			name = Debug;
		};
		1E870F571EFB18090099FA5E /* Release */ = {
			isa = XCBuildConfiguration;
			buildSettings = {
				ALWAYS_EMBED_SWIFT_STANDARD_LIBRARIES = YES;
				BUNDLE_LOADER = "$(TEST_HOST)";
				INFOPLIST_FILE = FlixTests/Info.plist;
				LD_RUNPATH_SEARCH_PATHS = "$(inherited) @executable_path/Frameworks @loader_path/Frameworks";
				PRODUCT_BUNDLE_IDENTIFIER = fb.FlixTests;
				PRODUCT_NAME = "$(TARGET_NAME)";
				SWIFT_VERSION = 3.0;
				TEST_HOST = "$(BUILT_PRODUCTS_DIR)/Flix.app/Flix";
			};
			name = Release;
		};
		1E870F591EFB18090099FA5E /* Debug */ = {
			isa = XCBuildConfiguration;
			buildSettings = {
				ALWAYS_EMBED_SWIFT_STANDARD_LIBRARIES = YES;
				INFOPLIST_FILE = FlixUITests/Info.plist;
				LD_RUNPATH_SEARCH_PATHS = "$(inherited) @executable_path/Frameworks @loader_path/Frameworks";
				PRODUCT_BUNDLE_IDENTIFIER = fb.FlixUITests;
				PRODUCT_NAME = "$(TARGET_NAME)";
				SWIFT_VERSION = 3.0;
				TEST_TARGET_NAME = Flix;
			};
			name = Debug;
		};
		1E870F5A1EFB18090099FA5E /* Release */ = {
			isa = XCBuildConfiguration;
			buildSettings = {
				ALWAYS_EMBED_SWIFT_STANDARD_LIBRARIES = YES;
				INFOPLIST_FILE = FlixUITests/Info.plist;
				LD_RUNPATH_SEARCH_PATHS = "$(inherited) @executable_path/Frameworks @loader_path/Frameworks";
				PRODUCT_BUNDLE_IDENTIFIER = fb.FlixUITests;
				PRODUCT_NAME = "$(TARGET_NAME)";
				SWIFT_VERSION = 3.0;
				TEST_TARGET_NAME = Flix;
			};
			name = Release;
		};
/* End XCBuildConfiguration section */

/* Begin XCConfigurationList section */
		1E870F251EFB18090099FA5E /* Build configuration list for PBXProject "Flix" */ = {
			isa = XCConfigurationList;
			buildConfigurations = (
				1E870F501EFB18090099FA5E /* Debug */,
				1E870F511EFB18090099FA5E /* Release */,
			);
			defaultConfigurationIsVisible = 0;
			defaultConfigurationName = Release;
		};
		1E870F521EFB18090099FA5E /* Build configuration list for PBXNativeTarget "Flix" */ = {
			isa = XCConfigurationList;
			buildConfigurations = (
				1E870F531EFB18090099FA5E /* Debug */,
				1E870F541EFB18090099FA5E /* Release */,
			);
			defaultConfigurationIsVisible = 0;
		};
		1E870F551EFB18090099FA5E /* Build configuration list for PBXNativeTarget "FlixTests" */ = {
			isa = XCConfigurationList;
			buildConfigurations = (
				1E870F561EFB18090099FA5E /* Debug */,
				1E870F571EFB18090099FA5E /* Release */,
			);
			defaultConfigurationIsVisible = 0;
		};
		1E870F581EFB18090099FA5E /* Build configuration list for PBXNativeTarget "FlixUITests" */ = {
			isa = XCConfigurationList;
			buildConfigurations = (
				1E870F591EFB18090099FA5E /* Debug */,
				1E870F5A1EFB18090099FA5E /* Release */,
			);
			defaultConfigurationIsVisible = 0;
		};
/* End XCConfigurationList section */
	};
	rootObject = 1E870F221EFB18090099FA5E /* Project object */;
}
